
Microsoft Visual Studio Solution File, Format Version 12.00
# Visual Studio Version 17
VisualStudioVersion = 17.0.32112.339
MinimumVisualStudioVersion = 10.0.40219.1
Project("{FAE04EC0-301F-11D3-BF4B-00C04F79EFBC}") = "Homework7_8", "Homework7_8\Homework7_8.csproj", "{3D30C328-717E-4997-A9BC-8637B19CB58D}"
EndProject
Global
	GlobalSection(SolutionConfigurationPlatforms) = preSolution
		Debug|Any CPU = Debug|Any CPU
		Release|Any CPU = Release|Any CPU
	EndGlobalSection
	GlobalSection(ProjectConfigurationPlatforms) = postSolution
		{3D30C328-717E-4997-A9BC-8637B19CB58D}.Debug|Any CPU.ActiveCfg = Debug|Any CPU
		{3D30C328-717E-4997-A9BC-8637B19CB58D}.Debug|Any CPU.Build.0 = Debug|Any CPU
		{3D30C328-717E-4997-A9BC-8637B19CB58D}.Release|Any CPU.ActiveCfg = Release|Any CPU
		{3D30C328-717E-4997-A9BC-8637B19CB58D}.Release|Any CPU.Build.0 = Release|Any CPU
	EndGlobalSection
	GlobalSection(SolutionProperties) = preSolution
		HideSolutionNode = FALSE
	EndGlobalSection
	GlobalSection(ExtensibilityGlobals) = postSolution
		SolutionGuid = {05DCC4C3-0887-4568-A647-5C87ECD27602}
	EndGlobalSection
EndGlobal
